
Microsoft Visual Studio Solution File, Format Version 12.00
# Visual Studio 15
VisualStudioVersion = 15.0.28307.1209
MinimumVisualStudioVersion = 10.0.40219.1
Project("{8BC9CEB8-8B4A-11D0-8D11-00A0C91BC942}") = "lab3", "lab3\lab3.vcxproj", "{ADDC5A4B-192D-4C91-AE54-9C9A1DEC6936}"
EndProject
Global
	GlobalSection(SolutionConfigurationPlatforms) = preSolution
		Debug|x64 = Debug|x64
		Debug|x86 = Debug|x86
		Release|x64 = Release|x64
		Release|x86 = Release|x86
	EndGlobalSection
	GlobalSection(ProjectConfigurationPlatforms) = postSolution
		{ADDC5A4B-192D-4C91-AE54-9C9A1DEC6936}.Debug|x64.ActiveCfg = Debug|x64
		{ADDC5A4B-192D-4C91-AE54-9C9A1DEC6936}.Debug|x64.Build.0 = Debug|x64
		{ADDC5A4B-192D-4C91-AE54-9C9A1DEC6936}.Debug|x86.ActiveCfg = Debug|Win32
		{ADDC5A4B-192D-4C91-AE54-9C9A1DEC6936}.Debug|x86.Build.0 = Debug|Win32
		{ADDC5A4B-192D-4C91-AE54-9C9A1DEC6936}.Release|x64.ActiveCfg = Release|x64
		{ADDC5A4B-192D-4C91-AE54-9C9A1DEC6936}.Release|x64.Build.0 = Release|x64
		{ADDC5A4B-192D-4C91-AE54-9C9A1DEC6936}.Release|x86.ActiveCfg = Release|Win32
		{ADDC5A4B-192D-4C91-AE54-9C9A1DEC6936}.Release|x86.Build.0 = Release|Win32
	EndGlobalSection
	GlobalSection(SolutionProperties) = preSolution
		HideSolutionNode = FALSE
	EndGlobalSection
	GlobalSection(ExtensibilityGlobals) = postSolution
		SolutionGuid = {CD97E52E-E8FC-4BAA-B6B5-8C1F4B85DF30}
	EndGlobalSection
EndGlobal
